
Microsoft Visual Studio Solution File, Format Version 12.00
# Visual Studio Version 16
VisualStudioVersion = 16.0.30523.141
MinimumVisualStudioVersion = 10.0.40219.1
Project("{9A19103F-16F7-4668-BE54-9A1E7A4F7556}") = "RevealRevealed", "RevealRevealed.csproj", "{C236ADEB-CDB2-42A0-B78E-9008149841BB}"
EndProject
Global
	GlobalSection(SolutionConfigurationPlatforms) = preSolution
		Debug|Any CPU = Debug|Any CPU
		Release|Any CPU = Release|Any CPU
	EndGlobalSection
	GlobalSection(ProjectConfigurationPlatforms) = postSolution
		{C236ADEB-CDB2-42A0-B78E-9008149841BB}.Debug|Any CPU.ActiveCfg = Debug|Any CPU
		{C236ADEB-CDB2-42A0-B78E-9008149841BB}.Debug|Any CPU.Build.0 = Debug|Any CPU
		{C236ADEB-CDB2-42A0-B78E-9008149841BB}.Release|Any CPU.ActiveCfg = Release|Any CPU
		{C236ADEB-CDB2-42A0-B78E-9008149841BB}.Release|Any CPU.Build.0 = Release|Any CPU
	EndGlobalSection
	GlobalSection(SolutionProperties) = preSolution
		HideSolutionNode = FALSE
	EndGlobalSection
	GlobalSection(ExtensibilityGlobals) = postSolution
		SolutionGuid = {E4B4DFD9-0D44-4613-A028-CD62F6BC1E34}
	EndGlobalSection
EndGlobal
